
Microsoft Visual Studio Solution File, Format Version 12.00
# 17
VisualStudioVersion = 17.5.002.0
MinimumVisualStudioVersion = 10.0.40219.1
Project("{9A19103F-16F7-4668-BE54-9A1E7A4F7556}") = "introduction", "introduction\introduction.csproj", "{8C9C4AC8-5195-418E-BD8F-3D84CF7E0606}"
EndProject
Project("{9A19103F-16F7-4668-BE54-9A1E7A4F7556}") = "getting-started", "getting-started\getting-started.csproj", "{EBA12FF3-A0B4-48AD-A307-66315B7B2518}"
EndProject
Project("{9A19103F-16F7-4668-BE54-9A1E7A4F7556}") = "providers", "providers\providers.csproj", "{81B6C581-45F4-479A-8298-1D48367A200E}"
EndProject
Project("{2150E333-8FDC-42A3-9474-1A3956D46DE8}") = "Solution Items", "Solution Items", "{85A0812B-9725-4112-8BF9-D8AC2DCB8D63}"
	ProjectSection(SolutionItems) = preProject
		global.json = global.json
	EndProjectSection
EndProject
Project("{9A19103F-16F7-4668-BE54-9A1E7A4F7556}") = "azure-app-config-and-key-vault", "azure-app-config-and-key-vault\azure-app-config-and-key-vault.csproj", "{42B44367-3C29-472A-BB6D-11425541CD6B}"
EndProject
Project("{9A19103F-16F7-4668-BE54-9A1E7A4F7556}") = "yaml-config-provider", "yaml-config-provider\yaml-config-provider.csproj", "{8F0C8B31-72A8-415B-A7AA-E2E7F79396E4}"
EndProject
Project("{FAE04EC0-301F-11D3-BF4B-00C04F79EFBC}") = "yaml-config", "yaml-worker\yaml-config.csproj", "{274E8EA7-CBF7-4E4B-8962-ECF5F64F43EC}"
EndProject
Global
	GlobalSection(SolutionConfigurationPlatforms) = preSolution
		Debug|Any CPU = Debug|Any CPU
		Release|Any CPU = Release|Any CPU
	EndGlobalSection
	GlobalSection(ProjectConfigurationPlatforms) = postSolution
		{8C9C4AC8-5195-418E-BD8F-3D84CF7E0606}.Debug|Any CPU.ActiveCfg = Debug|Any CPU
		{8C9C4AC8-5195-418E-BD8F-3D84CF7E0606}.Debug|Any CPU.Build.0 = Debug|Any CPU
		{8C9C4AC8-5195-418E-BD8F-3D84CF7E0606}.Release|Any CPU.ActiveCfg = Release|Any CPU
		{8C9C4AC8-5195-418E-BD8F-3D84CF7E0606}.Release|Any CPU.Build.0 = Release|Any CPU
		{EBA12FF3-A0B4-48AD-A307-66315B7B2518}.Debug|Any CPU.ActiveCfg = Debug|Any CPU
		{EBA12FF3-A0B4-48AD-A307-66315B7B2518}.Debug|Any CPU.Build.0 = Debug|Any CPU
		{EBA12FF3-A0B4-48AD-A307-66315B7B2518}.Release|Any CPU.ActiveCfg = Release|Any CPU
		{EBA12FF3-A0B4-48AD-A307-66315B7B2518}.Release|Any CPU.Build.0 = Release|Any CPU
		{81B6C581-45F4-479A-8298-1D48367A200E}.Debug|Any CPU.ActiveCfg = Debug|Any CPU
		{81B6C581-45F4-479A-8298-1D48367A200E}.Debug|Any CPU.Build.0 = Debug|Any CPU
		{81B6C581-45F4-479A-8298-1D48367A200E}.Release|Any CPU.ActiveCfg = Release|Any CPU
		{81B6C581-45F4-479A-8298-1D48367A200E}.Release|Any CPU.Build.0 = Release|Any CPU
		{42B44367-3C29-472A-BB6D-11425541CD6B}.Debug|Any CPU.ActiveCfg = Debug|Any CPU
		{42B44367-3C29-472A-BB6D-11425541CD6B}.Debug|Any CPU.Build.0 = Debug|Any CPU
		{42B44367-3C29-472A-BB6D-11425541CD6B}.Release|Any CPU.ActiveCfg = Release|Any CPU
		{42B44367-3C29-472A-BB6D-11425541CD6B}.Release|Any CPU.Build.0 = Release|Any CPU
		{8F0C8B31-72A8-415B-A7AA-E2E7F79396E4}.Debug|Any CPU.ActiveCfg = Debug|Any CPU
		{8F0C8B31-72A8-415B-A7AA-E2E7F79396E4}.Debug|Any CPU.Build.0 = Debug|Any CPU
		{8F0C8B31-72A8-415B-A7AA-E2E7F79396E4}.Release|Any CPU.ActiveCfg = Release|Any CPU
		{8F0C8B31-72A8-415B-A7AA-E2E7F79396E4}.Release|Any CPU.Build.0 = Release|Any CPU
		{274E8EA7-CBF7-4E4B-8962-ECF5F64F43EC}.Debug|Any CPU.ActiveCfg = Debug|Any CPU
		{274E8EA7-CBF7-4E4B-8962-ECF5F64F43EC}.Debug|Any CPU.Build.0 = Debug|Any CPU
		{274E8EA7-CBF7-4E4B-8962-ECF5F64F43EC}.Release|Any CPU.ActiveCfg = Release|Any CPU
		{274E8EA7-CBF7-4E4B-8962-ECF5F64F43EC}.Release|Any CPU.Build.0 = Release|Any CPU
	EndGlobalSection
	GlobalSection(SolutionProperties) = preSolution
		HideSolutionNode = FALSE
	EndGlobalSection
	GlobalSection(ExtensibilityGlobals) = postSolution
		SolutionGuid = {A66BD72D-A3D9-494D-B03E-930C5E8EAA63}
	EndGlobalSection
EndGlobal
