
Microsoft Visual Studio Solution File, Format Version 12.00
# Visual Studio Version 17
VisualStudioVersion = 17.5.002.0
MinimumVisualStudioVersion = 10.0.40219.1
Project("{9A19103F-16F7-4668-BE54-9A1E7A4F7556}") = "options-validation", "options-validation.csproj", "{C087C541-783E-498C-B7E6-775DE28D152B}"
EndProject
Global
	GlobalSection(SolutionConfigurationPlatforms) = preSolution
		Debug|Any CPU = Debug|Any CPU
		Release|Any CPU = Release|Any CPU
	EndGlobalSection
	GlobalSection(ProjectConfigurationPlatforms) = postSolution
		{C087C541-783E-498C-B7E6-775DE28D152B}.Debug|Any CPU.ActiveCfg = Debug|Any CPU
		{C087C541-783E-498C-B7E6-775DE28D152B}.Debug|Any CPU.Build.0 = Debug|Any CPU
		{C087C541-783E-498C-B7E6-775DE28D152B}.Release|Any CPU.ActiveCfg = Release|Any CPU
		{C087C541-783E-498C-B7E6-775DE28D152B}.Release|Any CPU.Build.0 = Release|Any CPU
	EndGlobalSection
	GlobalSection(SolutionProperties) = preSolution
		HideSolutionNode = FALSE
	EndGlobalSection
	GlobalSection(ExtensibilityGlobals) = postSolution
		SolutionGuid = {A620FD9A-1CA1-4114-B37C-85C26C34EC4B}
	EndGlobalSection
EndGlobal
